
Microsoft Visual Studio Solution File, Format Version 12.00
# Visual Studio 15
Project("{FAE04EC0-301F-11D3-BF4B-00C04F79EFBC}") = "Assembly-CSharp-firstpass", "Assembly-CSharp-firstpass.csproj", "{6BCF1753-8618-A6C0-7F1D-4322E3AED478}"
EndProject
Project("{FAE04EC0-301F-11D3-BF4B-00C04F79EFBC}") = "UniTask", "UniTask.csproj", "{2205BF13-7A7B-A6D2-9F8E-BA6CF543E183}"
EndProject
Project("{FAE04EC0-301F-11D3-BF4B-00C04F79EFBC}") = "LeanCommon", "LeanCommon.csproj", "{4EA9C9D7-4A9E-085A-D013-5672A92B6B82}"
EndProject
Project("{FAE04EC0-301F-11D3-BF4B-00C04F79EFBC}") = "UniTask.Linq", "UniTask.Linq.csproj", "{7841F5B5-2CAE-0A37-797D-8BD8DBCC0133}"
EndProject
Project("{FAE04EC0-301F-11D3-BF4B-00C04F79EFBC}") = "LeanTouchPlus", "LeanTouchPlus.csproj", "{485C2B3F-B4EA-6E14-8A65-FF0AF3C322B5}"
EndProject
Project("{FAE04EC0-301F-11D3-BF4B-00C04F79EFBC}") = "spine-unity", "spine-unity.csproj", "{DEA161A4-E723-5586-88E9-77780F650FE7}"
EndProject
Project("{FAE04EC0-301F-11D3-BF4B-00C04F79EFBC}") = "LeanCommonPlus", "LeanCommonPlus.csproj", "{B04F0D55-728A-B65E-EDB0-683B80DB41D1}"
EndProject
Project("{FAE04EC0-301F-11D3-BF4B-00C04F79EFBC}") = "LeanTouch", "LeanTouch.csproj", "{A0BA7023-F74C-B324-A66E-D5082C007921}"
EndProject
Project("{FAE04EC0-301F-11D3-BF4B-00C04F79EFBC}") = "LeanPool", "LeanPool.csproj", "{58F6DCBC-77E7-5C4A-60CC-AC0FC465909C}"
EndProject
Project("{FAE04EC0-301F-11D3-BF4B-00C04F79EFBC}") = "Assembly-CSharp", "Assembly-CSharp.csproj", "{A513BC8D-6A7D-D6C5-EEBE-D27CF600D276}"
EndProject
Project("{FAE04EC0-301F-11D3-BF4B-00C04F79EFBC}") = "UniTask.DOTween", "UniTask.DOTween.csproj", "{EBF8B067-EE0C-804D-BCA2-36089D27D29A}"
EndProject
Project("{FAE04EC0-301F-11D3-BF4B-00C04F79EFBC}") = "Sirenix.OdinInspector.CompatibilityLayer", "Sirenix.OdinInspector.CompatibilityLayer.csproj", "{79E46211-617A-0BF8-8D8E-6E7C3F8A9A65}"
EndProject
Project("{FAE04EC0-301F-11D3-BF4B-00C04F79EFBC}") = "UniTask.TextMeshPro", "UniTask.TextMeshPro.csproj", "{24E6A959-4F4F-C9D3-B1FA-551CBA075F12}"
EndProject
Project("{FAE04EC0-301F-11D3-BF4B-00C04F79EFBC}") = "UniTask.Addressables", "UniTask.Addressables.csproj", "{B18161AC-6779-AB0E-1C57-4FF834CBE2A7}"
EndProject
Project("{FAE04EC0-301F-11D3-BF4B-00C04F79EFBC}") = "spine-unity-editor", "spine-unity-editor.csproj", "{B17CBEF7-2007-D93E-049A-76F16812C84C}"
EndProject
Project("{FAE04EC0-301F-11D3-BF4B-00C04F79EFBC}") = "Assembly-CSharp-Editor-firstpass", "Assembly-CSharp-Editor-firstpass.csproj", "{D1652EA4-7908-700D-1035-6803F3290E6C}"
EndProject
Project("{FAE04EC0-301F-11D3-BF4B-00C04F79EFBC}") = "Sirenix.OdinInspector.CompatibilityLayer.Editor", "Sirenix.OdinInspector.CompatibilityLayer.Editor.csproj", "{7E181A26-7561-51E1-6EF6-1F3C3367B9FD}"
EndProject
Project("{FAE04EC0-301F-11D3-BF4B-00C04F79EFBC}") = "UniTask.Editor", "UniTask.Editor.csproj", "{5A888A68-5682-EFDA-2970-0DAF6B4B6BD8}"
EndProject
Project("{FAE04EC0-301F-11D3-BF4B-00C04F79EFBC}") = "Sirenix.OdinInspector.Modules.UnityMathematics", "Sirenix.OdinInspector.Modules.UnityMathematics.csproj", "{E3B767A0-633C-72E1-D79E-6AFD03C40A60}"
EndProject
Global
	GlobalSection(SolutionConfigurationPlatforms) = preSolution
		Debug|Any CPU = Debug|Any CPU
		Release|Any CPU = Release|Any CPU
	EndGlobalSection
	GlobalSection(ProjectConfigurationPlatforms) = postSolution
		{6BCF1753-8618-A6C0-7F1D-4322E3AED478}.Debug|Any CPU.ActiveCfg = Debug|Any CPU
		{6BCF1753-8618-A6C0-7F1D-4322E3AED478}.Debug|Any CPU.Build.0 = Debug|Any CPU
		{6BCF1753-8618-A6C0-7F1D-4322E3AED478}.Release|Any CPU.ActiveCfg = Release|Any CPU
		{6BCF1753-8618-A6C0-7F1D-4322E3AED478}.Release|Any CPU.Build.0 = Release|Any CPU
		{2205BF13-7A7B-A6D2-9F8E-BA6CF543E183}.Debug|Any CPU.ActiveCfg = Debug|Any CPU
		{2205BF13-7A7B-A6D2-9F8E-BA6CF543E183}.Debug|Any CPU.Build.0 = Debug|Any CPU
		{2205BF13-7A7B-A6D2-9F8E-BA6CF543E183}.Release|Any CPU.ActiveCfg = Release|Any CPU
		{2205BF13-7A7B-A6D2-9F8E-BA6CF543E183}.Release|Any CPU.Build.0 = Release|Any CPU
		{4EA9C9D7-4A9E-085A-D013-5672A92B6B82}.Debug|Any CPU.ActiveCfg = Debug|Any CPU
		{4EA9C9D7-4A9E-085A-D013-5672A92B6B82}.Debug|Any CPU.Build.0 = Debug|Any CPU
		{4EA9C9D7-4A9E-085A-D013-5672A92B6B82}.Release|Any CPU.ActiveCfg = Release|Any CPU
		{4EA9C9D7-4A9E-085A-D013-5672A92B6B82}.Release|Any CPU.Build.0 = Release|Any CPU
		{7841F5B5-2CAE-0A37-797D-8BD8DBCC0133}.Debug|Any CPU.ActiveCfg = Debug|Any CPU
		{7841F5B5-2CAE-0A37-797D-8BD8DBCC0133}.Debug|Any CPU.Build.0 = Debug|Any CPU
		{7841F5B5-2CAE-0A37-797D-8BD8DBCC0133}.Release|Any CPU.ActiveCfg = Release|Any CPU
		{7841F5B5-2CAE-0A37-797D-8BD8DBCC0133}.Release|Any CPU.Build.0 = Release|Any CPU
		{485C2B3F-B4EA-6E14-8A65-FF0AF3C322B5}.Debug|Any CPU.ActiveCfg = Debug|Any CPU
		{485C2B3F-B4EA-6E14-8A65-FF0AF3C322B5}.Debug|Any CPU.Build.0 = Debug|Any CPU
		{485C2B3F-B4EA-6E14-8A65-FF0AF3C322B5}.Release|Any CPU.ActiveCfg = Release|Any CPU
		{485C2B3F-B4EA-6E14-8A65-FF0AF3C322B5}.Release|Any CPU.Build.0 = Release|Any CPU
		{DEA161A4-E723-5586-88E9-77780F650FE7}.Debug|Any CPU.ActiveCfg = Debug|Any CPU
		{DEA161A4-E723-5586-88E9-77780F650FE7}.Debug|Any CPU.Build.0 = Debug|Any CPU
		{DEA161A4-E723-5586-88E9-77780F650FE7}.Release|Any CPU.ActiveCfg = Release|Any CPU
		{DEA161A4-E723-5586-88E9-77780F650FE7}.Release|Any CPU.Build.0 = Release|Any CPU
		{B04F0D55-728A-B65E-EDB0-683B80DB41D1}.Debug|Any CPU.ActiveCfg = Debug|Any CPU
		{B04F0D55-728A-B65E-EDB0-683B80DB41D1}.Debug|Any CPU.Build.0 = Debug|Any CPU
		{B04F0D55-728A-B65E-EDB0-683B80DB41D1}.Release|Any CPU.ActiveCfg = Release|Any CPU
		{B04F0D55-728A-B65E-EDB0-683B80DB41D1}.Release|Any CPU.Build.0 = Release|Any CPU
		{A0BA7023-F74C-B324-A66E-D5082C007921}.Debug|Any CPU.ActiveCfg = Debug|Any CPU
		{A0BA7023-F74C-B324-A66E-D5082C007921}.Debug|Any CPU.Build.0 = Debug|Any CPU
		{A0BA7023-F74C-B324-A66E-D5082C007921}.Release|Any CPU.ActiveCfg = Release|Any CPU
		{A0BA7023-F74C-B324-A66E-D5082C007921}.Release|Any CPU.Build.0 = Release|Any CPU
		{58F6DCBC-77E7-5C4A-60CC-AC0FC465909C}.Debug|Any CPU.ActiveCfg = Debug|Any CPU
		{58F6DCBC-77E7-5C4A-60CC-AC0FC465909C}.Debug|Any CPU.Build.0 = Debug|Any CPU
		{58F6DCBC-77E7-5C4A-60CC-AC0FC465909C}.Release|Any CPU.ActiveCfg = Release|Any CPU
		{58F6DCBC-77E7-5C4A-60CC-AC0FC465909C}.Release|Any CPU.Build.0 = Release|Any CPU
		{A513BC8D-6A7D-D6C5-EEBE-D27CF600D276}.Debug|Any CPU.ActiveCfg = Debug|Any CPU
		{A513BC8D-6A7D-D6C5-EEBE-D27CF600D276}.Debug|Any CPU.Build.0 = Debug|Any CPU
		{A513BC8D-6A7D-D6C5-EEBE-D27CF600D276}.Release|Any CPU.ActiveCfg = Release|Any CPU
		{A513BC8D-6A7D-D6C5-EEBE-D27CF600D276}.Release|Any CPU.Build.0 = Release|Any CPU
		{EBF8B067-EE0C-804D-BCA2-36089D27D29A}.Debug|Any CPU.ActiveCfg = Debug|Any CPU
		{EBF8B067-EE0C-804D-BCA2-36089D27D29A}.Debug|Any CPU.Build.0 = Debug|Any CPU
		{EBF8B067-EE0C-804D-BCA2-36089D27D29A}.Release|Any CPU.ActiveCfg = Release|Any CPU
		{EBF8B067-EE0C-804D-BCA2-36089D27D29A}.Release|Any CPU.Build.0 = Release|Any CPU
		{79E46211-617A-0BF8-8D8E-6E7C3F8A9A65}.Debug|Any CPU.ActiveCfg = Debug|Any CPU
		{79E46211-617A-0BF8-8D8E-6E7C3F8A9A65}.Debug|Any CPU.Build.0 = Debug|Any CPU
		{79E46211-617A-0BF8-8D8E-6E7C3F8A9A65}.Release|Any CPU.ActiveCfg = Release|Any CPU
		{79E46211-617A-0BF8-8D8E-6E7C3F8A9A65}.Release|Any CPU.Build.0 = Release|Any CPU
		{24E6A959-4F4F-C9D3-B1FA-551CBA075F12}.Debug|Any CPU.ActiveCfg = Debug|Any CPU
		{24E6A959-4F4F-C9D3-B1FA-551CBA075F12}.Debug|Any CPU.Build.0 = Debug|Any CPU
		{24E6A959-4F4F-C9D3-B1FA-551CBA075F12}.Release|Any CPU.ActiveCfg = Release|Any CPU
		{24E6A959-4F4F-C9D3-B1FA-551CBA075F12}.Release|Any CPU.Build.0 = Release|Any CPU
		{B18161AC-6779-AB0E-1C57-4FF834CBE2A7}.Debug|Any CPU.ActiveCfg = Debug|Any CPU
		{B18161AC-6779-AB0E-1C57-4FF834CBE2A7}.Debug|Any CPU.Build.0 = Debug|Any CPU
		{B18161AC-6779-AB0E-1C57-4FF834CBE2A7}.Release|Any CPU.ActiveCfg = Release|Any CPU
		{B18161AC-6779-AB0E-1C57-4FF834CBE2A7}.Release|Any CPU.Build.0 = Release|Any CPU
		{B17CBEF7-2007-D93E-049A-76F16812C84C}.Debug|Any CPU.ActiveCfg = Debug|Any CPU
		{B17CBEF7-2007-D93E-049A-76F16812C84C}.Debug|Any CPU.Build.0 = Debug|Any CPU
		{B17CBEF7-2007-D93E-049A-76F16812C84C}.Release|Any CPU.ActiveCfg = Release|Any CPU
		{B17CBEF7-2007-D93E-049A-76F16812C84C}.Release|Any CPU.Build.0 = Release|Any CPU
		{D1652EA4-7908-700D-1035-6803F3290E6C}.Debug|Any CPU.ActiveCfg = Debug|Any CPU
		{D1652EA4-7908-700D-1035-6803F3290E6C}.Debug|Any CPU.Build.0 = Debug|Any CPU
		{D1652EA4-7908-700D-1035-6803F3290E6C}.Release|Any CPU.ActiveCfg = Release|Any CPU
		{D1652EA4-7908-700D-1035-6803F3290E6C}.Release|Any CPU.Build.0 = Release|Any CPU
		{7E181A26-7561-51E1-6EF6-1F3C3367B9FD}.Debug|Any CPU.ActiveCfg = Debug|Any CPU
		{7E181A26-7561-51E1-6EF6-1F3C3367B9FD}.Debug|Any CPU.Build.0 = Debug|Any CPU
		{7E181A26-7561-51E1-6EF6-1F3C3367B9FD}.Release|Any CPU.ActiveCfg = Release|Any CPU
		{7E181A26-7561-51E1-6EF6-1F3C3367B9FD}.Release|Any CPU.Build.0 = Release|Any CPU
		{5A888A68-5682-EFDA-2970-0DAF6B4B6BD8}.Debug|Any CPU.ActiveCfg = Debug|Any CPU
		{5A888A68-5682-EFDA-2970-0DAF6B4B6BD8}.Debug|Any CPU.Build.0 = Debug|Any CPU
		{5A888A68-5682-EFDA-2970-0DAF6B4B6BD8}.Release|Any CPU.ActiveCfg = Release|Any CPU
		{5A888A68-5682-EFDA-2970-0DAF6B4B6BD8}.Release|Any CPU.Build.0 = Release|Any CPU
		{E3B767A0-633C-72E1-D79E-6AFD03C40A60}.Debug|Any CPU.ActiveCfg = Debug|Any CPU
		{E3B767A0-633C-72E1-D79E-6AFD03C40A60}.Debug|Any CPU.Build.0 = Debug|Any CPU
		{E3B767A0-633C-72E1-D79E-6AFD03C40A60}.Release|Any CPU.ActiveCfg = Release|Any CPU
		{E3B767A0-633C-72E1-D79E-6AFD03C40A60}.Release|Any CPU.Build.0 = Release|Any CPU
	EndGlobalSection
	GlobalSection(SolutionProperties) = preSolution
		HideSolutionNode = FALSE
	EndGlobalSection
EndGlobal
